PODS:
  - IGDigest (1.1.2)
  - Kiwi (2.4.0)
  - ObjectiveSugar (1.1.0)

DEPENDENCIES:
  - IGDigest
  - Kiwi
  - ObjectiveSugar

SPEC CHECKSUMS:
  IGDigest: 066753c10f3f1b593b00037b9ee93dc96b9e7762
  Kiwi: f49c9d54b28917df5928fe44968a39ed198cb8a8
  ObjectiveSugar: a6a25f23d657c19df0a0b972466d5b5ca9f5295c

PODFILE CHECKSUM: aa3b2a541e8540fc7b6aadf76391bba09e11d44c

COCOAPODS: 1.0.0.beta.2
