PODS:
  - IGDigest (1.1.0)
  - Kiwi (2.2.3):
    - Kiwi/SenTestingKit
  - Kiwi/ARC (2.2.3)
  - Kiwi/NonARC (2.2.3)
  - Kiwi/SenTestingKit (2.2.3):
    - Kiwi/ARC
    - Kiwi/NonARC
  - ObjectiveSugar (1.1.0)

DEPENDENCIES:
  - IGDigest
  - Kiwi
  - ObjectiveSugar

SPEC CHECKSUMS:
  IGDigest: 9a32ec28559f509758ec3e2fd4649a8e4284f916
  Kiwi: 04c51e880831d291748ec702d42c4101f7eb95c9
  ObjectiveSugar: fed588577bcf9733546aeaa089de444e4bab9a52

COCOAPODS: 0.31.1
